// !$*UTF8*$!
{
	archiveVersion = 1;
	classes = {
	};
	objectVersion = 60;
	objects = {

/* Begin PBXBuildFile section */
		1CC5D911DEEE86F92EF9C14D /* Pods_leaflet.framework in Frameworks */ = {isa = PBXBuildFile; fileRef = 9E9D138ED23E308BD23134EC /* Pods_leaflet.framework */; };
		3F2F8B072C4E24EB0066A5DF /* StoreInfoVC.swift in Sources */ = {isa = PBXBuildFile; fileRef = 3F2F8B062C4E24EB0066A5DF /* StoreInfoVC.swift */; };
		3F2F8B092C4E2D910066A5DF /* BasketVC.swift in Sources */ = {isa = PBXBuildFile; fileRef = 3F2F8B082C4E2D910066A5DF /* BasketVC.swift */; };
		3F32D6092C588B3800AC6775 /* GmarketSansMedium.otf in Resources */ = {isa = PBXBuildFile; fileRef = 3F0B27322C588A5900D6C889 /* GmarketSansMedium.otf */; };
		3F32D60A2C588B3C00AC6775 /* GmarketSansLight.otf in Resources */ = {isa = PBXBuildFile; fileRef = 3F0B27342C588A5A00D6C889 /* GmarketSansLight.otf */; };
		3F34B9E62C588C59009B505F /* GmarketSansBold.otf in Resources */ = {isa = PBXBuildFile; fileRef = 3F0B27332C588A5900D6C889 /* GmarketSansBold.otf */; };
		3F34B9E72C58A1B5009B505F /* Main.storyboard in Resources */ = {isa = PBXBuildFile; fileRef = 3F415E322C465EC300773588 /* Main.storyboard */; };
		3F415E2D2C465EC300773588 /* AppDelegate.swift in Sources */ = {isa = PBXBuildFile; fileRef = 3F415E2C2C465EC300773588 /* AppDelegate.swift */; };
		3F415E342C465EC300773588 /* Base in Resources */ = {isa = PBXBuildFile; fileRef = 3F415E332C465EC300773588 /* Base */; };
		3F415E362C465EC500773588 /* Assets.xcassets in Resources */ = {isa = PBXBuildFile; fileRef = 3F415E352C465EC500773588 /* Assets.xcassets */; };
		3F415E7C2C465F2B00773588 /* GoogleService-Info.plist in Resources */ = {isa = PBXBuildFile; fileRef = 3F415E7B2C465F2A00773588 /* GoogleService-Info.plist */; };
		3F415E822C465F3800773588 /* PostObject.swift in Sources */ = {isa = PBXBuildFile; fileRef = 3F415E7D2C465F3700773588 /* PostObject.swift */; };
		3F415E832C465F3800773588 /* SignInVC.swift in Sources */ = {isa = PBXBuildFile; fileRef = 3F415E7E2C465F3700773588 /* SignInVC.swift */; };
		3F415E842C465F3800773588 /* HomeVC.swift in Sources */ = {isa = PBXBuildFile; fileRef = 3F415E7F2C465F3700773588 /* HomeVC.swift */; };
		3F415E852C465F3800773588 /* SplashVC.swift in Sources */ = {isa = PBXBuildFile; fileRef = 3F415E802C465F3700773588 /* SplashVC.swift */; };
		3F415E862C465F3800773588 /* PostRequest.swift in Sources */ = {isa = PBXBuildFile; fileRef = 3F415E812C465F3700773588 /* PostRequest.swift */; };
		3F47837C2C57693000EB0611 /* TimeVC.swift in Sources */ = {isa = PBXBuildFile; fileRef = 3F47837B2C57693000EB0611 /* TimeVC.swift */; };
		3F4FCA8D2C6327A100D3D88B /* MainVC.swift in Sources */ = {isa = PBXBuildFile; fileRef = 3F4FCA8C2C6327A100D3D88B /* MainVC.swift */; };
		3F4FCA932C633E7A00D3D88B /* korea.gif in Resources */ = {isa = PBXBuildFile; fileRef = 3F4FCA922C633E7A00D3D88B /* korea.gif */; };
		3F65B6BA2C69C587007ED817 /* MypageVC.swift in Sources */ = {isa = PBXBuildFile; fileRef = 3F65B6B92C69C587007ED817 /* MypageVC.swift */; };
		3F8121C22C63577500EB5890 /* MapVC.swift in Sources */ = {isa = PBXBuildFile; fileRef = 3F8121C12C63577500EB5890 /* MapVC.swift */; };
		3F8498982C4F8F630055FE27 /* StoreUploadVC.swift in Sources */ = {isa = PBXBuildFile; fileRef = 3F8498972C4F8F630055FE27 /* StoreUploadVC.swift */; };
		3F987F222C47BFF700E07F8C /* UIBaseView.swift in Sources */ = {isa = PBXBuildFile; fileRef = 3F987F1D2C47BFF700E07F8C /* UIBaseView.swift */; };
		3F987F232C47BFF700E07F8C /* UICustomSegmentedControl.swift in Sources */ = {isa = PBXBuildFile; fileRef = 3F987F1E2C47BFF700E07F8C /* UICustomSegmentedControl.swift */; };
		3F987F242C47BFF700E07F8C /* UIGradientView.swift in Sources */ = {isa = PBXBuildFile; fileRef = 3F987F1F2C47BFF700E07F8C /* UIGradientView.swift */; };
		3F987F252C47BFF700E07F8C /* UISegmentedControlView.swift in Sources */ = {isa = PBXBuildFile; fileRef = 3F987F202C47BFF700E07F8C /* UISegmentedControlView.swift */; };
		3F987F272C47C00B00E07F8C /* StoreDetailVC.swift in Sources */ = {isa = PBXBuildFile; fileRef = 3F987F262C47C00B00E07F8C /* StoreDetailVC.swift */; };
		3FBCBCA52C466C5900320D73 /* s_animation.swift in Sources */ = {isa = PBXBuildFile; fileRef = 3FBCBC962C466C5900320D73 /* s_animation.swift */; };
		3FBCBCA62C466C5900320D73 /* s_base.swift in Sources */ = {isa = PBXBuildFile; fileRef = 3FBCBC972C466C5900320D73 /* s_base.swift */; };
		3FBCBCA72C466C5900320D73 /* s_color.swift in Sources */ = {isa = PBXBuildFile; fileRef = 3FBCBC982C466C5900320D73 /* s_color.swift */; };
		3FBCBCA82C466C5900320D73 /* s_device.swift in Sources */ = {isa = PBXBuildFile; fileRef = 3FBCBC992C466C5900320D73 /* s_device.swift */; };
		3FBCBCA92C466C5900320D73 /* s_image.swift in Sources */ = {isa = PBXBuildFile; fileRef = 3FBCBC9A2C466C5900320D73 /* s_image.swift */; };
		3FBCBCAA2C466C5900320D73 /* s_keyboard.swift in Sources */ = {isa = PBXBuildFile; fileRef = 3FBCBC9B2C466C5900320D73 /* s_keyboard.swift */; };
		3FBCBCAB2C466C5900320D73 /* s_mimetype.swift in Sources */ = {isa = PBXBuildFile; fileRef = 3FBCBC9C2C466C5900320D73 /* s_mimetype.swift */; };
		3FBCBCAC2C466C5900320D73 /* s_noticeAlert.swift in Sources */ = {isa = PBXBuildFile; fileRef = 3FBCBC9D2C466C5900320D73 /* s_noticeAlert.swift */; };
		3FBCBCAD2C466C5900320D73 /* s_push.swift in Sources */ = {isa = PBXBuildFile; fileRef = 3FBCBC9E2C466C5900320D73 /* s_push.swift */; };
		3FBCBCAE2C466C5900320D73 /* s_regularExpression.swift in Sources */ = {isa = PBXBuildFile; fileRef = 3FBCBC9F2C466C5900320D73 /* s_regularExpression.swift */; };
		3FBCBCAF2C466C5900320D73 /* s_text.swift in Sources */ = {isa = PBXBuildFile; fileRef = 3FBCBCA02C466C5900320D73 /* s_text.swift */; };
		3FBCBCB02C466C5900320D73 /* s_time.swift in Sources */ = {isa = PBXBuildFile; fileRef = 3FBCBCA12C466C5900320D73 /* s_time.swift */; };
		3FBCBCB12C466C5900320D73 /* s_vcDelegate.swift in Sources */ = {isa = PBXBuildFile; fileRef = 3FBCBCA22C466C5900320D73 /* s_vcDelegate.swift */; };
		3FBCBCB22C466C5900320D73 /* s_vcNavigate.swift in Sources */ = {isa = PBXBuildFile; fileRef = 3FBCBCA32C466C5900320D73 /* s_vcNavigate.swift */; };
		3FC79E492C64A0D4000813A6 /* MarketListVC.swift in Sources */ = {isa = PBXBuildFile; fileRef = 3FC79E482C64A0D4000813A6 /* MarketListVC.swift */; };
		3FC79E4B2C64B017000813A6 /* MainTBC.swift in Sources */ = {isa = PBXBuildFile; fileRef = 3FC79E4A2C64B017000813A6 /* MainTBC.swift */; };
		3FD264FB2C58C57000C2A5F3 /* CategoryVC.swift in Sources */ = {isa = PBXBuildFile; fileRef = 3FD264FA2C58C57000C2A5F3 /* CategoryVC.swift */; };
/* End PBXBuildFile section */

/* Begin PBXFileReference section */
		3F0B27322C588A5900D6C889 /* GmarketSansMedium.otf */ = {isa = PBXFileReference; lastKnownFileType = file; path = GmarketSansMedium.otf; sourceTree = "<group>"; };
		3F0B27332C588A5900D6C889 /* GmarketSansBold.otf */ = {isa = PBXFileReference; lastKnownFileType = file; path = GmarketSansBold.otf; sourceTree = "<group>"; };
		3F0B27342C588A5A00D6C889 /* GmarketSansLight.otf */ = {isa = PBXFileReference; lastKnownFileType = file; path = GmarketSansLight.otf; sourceTree = "<group>"; };
		3F2F8B062C4E24EB0066A5DF /* StoreInfoVC.swift */ = {isa = PBXFileReference; lastKnownFileType = sourcecode.swift; path = StoreInfoVC.swift; sourceTree = "<group>"; };
		3F2F8B082C4E2D910066A5DF /* BasketVC.swift */ = {isa = PBXFileReference; lastKnownFileType = sourcecode.swift; path = BasketVC.swift; sourceTree = "<group>"; };
		3F415E292C465EC300773588 /* leaflet.app */ = {isa = PBXFileReference; explicitFileType = wrapper.application; includeInIndex = 0; path = leaflet.app; sourceTree = BUILT_PRODUCTS_DIR; };
		3F415E2C2C465EC300773588 /* AppDelegate.swift */ = {isa = PBXFileReference; lastKnownFileType = sourcecode.swift; path = AppDelegate.swift; sourceTree = "<group>"; };
		3F415E332C465EC300773588 /* Base */ = {isa = PBXFileReference; lastKnownFileType = file.storyboard; name = Base; path = Base.lproj/Main.storyboard; sourceTree = "<group>"; };
		3F415E352C465EC500773588 /* Assets.xcassets */ = {isa = PBXFileReference; lastKnownFileType = folder.assetcatalog; path = Assets.xcassets; sourceTree = "<group>"; };
		3F415E3A2C465EC500773588 /* Info.plist */ = {isa = PBXFileReference; lastKnownFileType = text.plist.xml; path = Info.plist; sourceTree = "<group>"; };
		3F415E7B2C465F2A00773588 /* GoogleService-Info.plist */ = {isa = PBXFileReference; fileEncoding = 4; lastKnownFileType = text.plist.xml; path = "GoogleService-Info.plist"; sourceTree = "<group>"; };
		3F415E7D2C465F3700773588 /* PostObject.swift */ = {isa = PBXFileReference; fileEncoding = 4; lastKnownFileType = sourcecode.swift; path = PostObject.swift; sourceTree = "<group>"; };
		3F415E7E2C465F3700773588 /* SignInVC.swift */ = {isa = PBXFileReference; fileEncoding = 4; lastKnownFileType = sourcecode.swift; path = SignInVC.swift; sourceTree = "<group>"; };
		3F415E7F2C465F3700773588 /* HomeVC.swift */ = {isa = PBXFileReference; fileEncoding = 4; lastKnownFileType = sourcecode.swift; path = HomeVC.swift; sourceTree = "<group>"; };
		3F415E802C465F3700773588 /* SplashVC.swift */ = {isa = PBXFileReference; fileEncoding = 4; lastKnownFileType = sourcecode.swift; path = SplashVC.swift; sourceTree = "<group>"; };
		3F415E812C465F3700773588 /* PostRequest.swift */ = {isa = PBXFileReference; fileEncoding = 4; lastKnownFileType = sourcecode.swift; path = PostRequest.swift; sourceTree = "<group>"; };
		3F415E872C46630300773588 /* leaflet.entitlements */ = {isa = PBXFileReference; lastKnownFileType = text.plist.entitlements; path = leaflet.entitlements; sourceTree = "<group>"; };
		3F47837B2C57693000EB0611 /* TimeVC.swift */ = {isa = PBXFileReference; lastKnownFileType = sourcecode.swift; path = TimeVC.swift; sourceTree = "<group>"; };
		3F4FCA8C2C6327A100D3D88B /* MainVC.swift */ = {isa = PBXFileReference; lastKnownFileType = sourcecode.swift; path = MainVC.swift; sourceTree = "<group>"; };
		3F4FCA922C633E7A00D3D88B /* korea.gif */ = {isa = PBXFileReference; lastKnownFileType = image.gif; path = korea.gif; sourceTree = "<group>"; };
		3F65B6B92C69C587007ED817 /* MypageVC.swift */ = {isa = PBXFileReference; lastKnownFileType = sourcecode.swift; path = MypageVC.swift; sourceTree = "<group>"; };
		3F8121C12C63577500EB5890 /* MapVC.swift */ = {isa = PBXFileReference; lastKnownFileType = sourcecode.swift; path = MapVC.swift; sourceTree = "<group>"; };
		3F8498972C4F8F630055FE27 /* StoreUploadVC.swift */ = {isa = PBXFileReference; lastKnownFileType = sourcecode.swift; path = StoreUploadVC.swift; sourceTree = "<group>"; };
		3F987F1D2C47BFF700E07F8C /* UIBaseView.swift */ = {isa = PBXFileReference; fileEncoding = 4; lastKnownFileType = sourcecode.swift; path = UIBaseView.swift; sourceTree = "<group>"; };
		3F987F1E2C47BFF700E07F8C /* UICustomSegmentedControl.swift */ = {isa = PBXFileReference; fileEncoding = 4; lastKnownFileType = sourcecode.swift; path = UICustomSegmentedControl.swift; sourceTree = "<group>"; };
		3F987F1F2C47BFF700E07F8C /* UIGradientView.swift */ = {isa = PBXFileReference; fileEncoding = 4; lastKnownFileType = sourcecode.swift; path = UIGradientView.swift; sourceTree = "<group>"; };
		3F987F202C47BFF700E07F8C /* UISegmentedControlView.swift */ = {isa = PBXFileReference; fileEncoding = 4; lastKnownFileType = sourcecode.swift; path = UISegmentedControlView.swift; sourceTree = "<group>"; };
		3F987F262C47C00B00E07F8C /* StoreDetailVC.swift */ = {isa = PBXFileReference; fileEncoding = 4; lastKnownFileType = sourcecode.swift; path = StoreDetailVC.swift; sourceTree = "<group>"; };
		3FBCBC962C466C5900320D73 /* s_animation.swift */ = {isa = PBXFileReference; fileEncoding = 4; lastKnownFileType = sourcecode.swift; path = s_animation.swift; sourceTree = "<group>"; };
		3FBCBC972C466C5900320D73 /* s_base.swift */ = {isa = PBXFileReference; fileEncoding = 4; lastKnownFileType = sourcecode.swift; path = s_base.swift; sourceTree = "<group>"; };
		3FBCBC982C466C5900320D73 /* s_color.swift */ = {isa = PBXFileReference; fileEncoding = 4; lastKnownFileType = sourcecode.swift; path = s_color.swift; sourceTree = "<group>"; };
		3FBCBC992C466C5900320D73 /* s_device.swift */ = {isa = PBXFileReference; fileEncoding = 4; lastKnownFileType = sourcecode.swift; path = s_device.swift; sourceTree = "<group>"; };
		3FBCBC9A2C466C5900320D73 /* s_image.swift */ = {isa = PBXFileReference; fileEncoding = 4; lastKnownFileType = sourcecode.swift; path = s_image.swift; sourceTree = "<group>"; };
		3FBCBC9B2C466C5900320D73 /* s_keyboard.swift */ = {isa = PBXFileReference; fileEncoding = 4; lastKnownFileType = sourcecode.swift; path = s_keyboard.swift; sourceTree = "<group>"; };
		3FBCBC9C2C466C5900320D73 /* s_mimetype.swift */ = {isa = PBXFileReference; fileEncoding = 4; lastKnownFileType = sourcecode.swift; path = s_mimetype.swift; sourceTree = "<group>"; };
		3FBCBC9D2C466C5900320D73 /* s_noticeAlert.swift */ = {isa = PBXFileReference; fileEncoding = 4; lastKnownFileType = sourcecode.swift; path = s_noticeAlert.swift; sourceTree = "<group>"; };
		3FBCBC9E2C466C5900320D73 /* s_push.swift */ = {isa = PBXFileReference; fileEncoding = 4; lastKnownFileType = sourcecode.swift; path = s_push.swift; sourceTree = "<group>"; };
		3FBCBC9F2C466C5900320D73 /* s_regularExpression.swift */ = {isa = PBXFileReference; fileEncoding = 4; lastKnownFileType = sourcecode.swift; path = s_regularExpression.swift; sourceTree = "<group>"; };
		3FBCBCA02C466C5900320D73 /* s_text.swift */ = {isa = PBXFileReference; fileEncoding = 4; lastKnownFileType = sourcecode.swift; path = s_text.swift; sourceTree = "<group>"; };
		3FBCBCA12C466C5900320D73 /* s_time.swift */ = {isa = PBXFileReference; fileEncoding = 4; lastKnownFileType = sourcecode.swift; path = s_time.swift; sourceTree = "<group>"; };
		3FBCBCA22C466C5900320D73 /* s_vcDelegate.swift */ = {isa = PBXFileReference; fileEncoding = 4; lastKnownFileType = sourcecode.swift; path = s_vcDelegate.swift; sourceTree = "<group>"; };
		3FBCBCA32C466C5900320D73 /* s_vcNavigate.swift */ = {isa = PBXFileReference; fileEncoding = 4; lastKnownFileType = sourcecode.swift; path = s_vcNavigate.swift; sourceTree = "<group>"; };
		3FC79E482C64A0D4000813A6 /* MarketListVC.swift */ = {isa = PBXFileReference; lastKnownFileType = sourcecode.swift; path = MarketListVC.swift; sourceTree = "<group>"; };
		3FC79E4A2C64B017000813A6 /* MainTBC.swift */ = {isa = PBXFileReference; lastKnownFileType = sourcecode.swift; path = MainTBC.swift; sourceTree = "<group>"; };
		3FD264FA2C58C57000C2A5F3 /* CategoryVC.swift */ = {isa = PBXFileReference; lastKnownFileType = sourcecode.swift; path = CategoryVC.swift; sourceTree = "<group>"; };
		9E9D138ED23E308BD23134EC /* Pods_leaflet.framework */ = {isa = PBXFileReference; explicitFileType = wrapper.framework; includeInIndex = 0; path = Pods_leaflet.framework; sourceTree = BUILT_PRODUCTS_DIR; };
		A0DAE846682C64ECF44EB558 /* Pods-leaflet.debug.xcconfig */ = {isa = PBXFileReference; includeInIndex = 1; lastKnownFileType = text.xcconfig; name = "Pods-leaflet.debug.xcconfig"; path = "Target Support Files/Pods-leaflet/Pods-leaflet.debug.xcconfig"; sourceTree = "<group>"; };
		D71ACC7E9BBECB50FBC369F5 /* Pods-leaflet.release.xcconfig */ = {isa = PBXFileReference; includeInIndex = 1; lastKnownFileType = text.xcconfig; name = "Pods-leaflet.release.xcconfig"; path = "Target Support Files/Pods-leaflet/Pods-leaflet.release.xcconfig"; sourceTree = "<group>"; };
/* End PBXFileReference section */

/* Begin PBXFrameworksBuildPhase section */
		3F415E262C465EC300773588 /* Frameworks */ = {
			isa = PBXFrameworksBuildPhase;
			buildActionMask = 2147483647;
			files = (
				1CC5D911DEEE86F92EF9C14D /* Pods_leaflet.framework in Frameworks */,
			);
			runOnlyForDeploymentPostprocessing = 0;
		};
/* End PBXFrameworksBuildPhase section */

/* Begin PBXGroup section */
		3F0B27302C5889DA00D6C889 /* viewController */ = {
			isa = PBXGroup;
			children = (
				3F415E802C465F3700773588 /* SplashVC.swift */,
				3F415E7E2C465F3700773588 /* SignInVC.swift */,
				3F415E7F2C465F3700773588 /* HomeVC.swift */,
				3F4FCA8C2C6327A100D3D88B /* MainVC.swift */,
				3FC79E4A2C64B017000813A6 /* MainTBC.swift */,
				3F8121C12C63577500EB5890 /* MapVC.swift */,
				3FC79E482C64A0D4000813A6 /* MarketListVC.swift */,
				3F65B6B92C69C587007ED817 /* MypageVC.swift */,
				3F987F262C47C00B00E07F8C /* StoreDetailVC.swift */,
				3F2F8B062C4E24EB0066A5DF /* StoreInfoVC.swift */,
				3F8498972C4F8F630055FE27 /* StoreUploadVC.swift */,
				3F47837B2C57693000EB0611 /* TimeVC.swift */,
				3FD264FA2C58C57000C2A5F3 /* CategoryVC.swift */,
				3F2F8B082C4E2D910066A5DF /* BasketVC.swift */,
				3F415E7D2C465F3700773588 /* PostObject.swift */,
				3F415E812C465F3700773588 /* PostRequest.swift */,
			);
			path = viewController;
			sourceTree = "<group>";
		};
		3F0B27312C588A4D00D6C889 /* Fonts */ = {
			isa = PBXGroup;
			children = (
				3F0B27332C588A5900D6C889 /* GmarketSansBold.otf */,
				3F0B27342C588A5A00D6C889 /* GmarketSansLight.otf */,
				3F0B27322C588A5900D6C889 /* GmarketSansMedium.otf */,
			);
			path = Fonts;
			sourceTree = "<group>";
		};
		3F415E202C465EC300773588 = {
			isa = PBXGroup;
			children = (
				3F415E2B2C465EC300773588 /* leaflet */,
				3F415E2A2C465EC300773588 /* Products */,
				A3068BE6710341FC1C36BA78 /* Pods */,
				B6162CC85833ECEDAF1E4864 /* Frameworks */,
			);
			sourceTree = "<group>";
		};
		3F415E2A2C465EC300773588 /* Products */ = {
			isa = PBXGroup;
			children = (
				3F415E292C465EC300773588 /* leaflet.app */,
			);
			name = Products;
			sourceTree = "<group>";
		};
		3F415E2B2C465EC300773588 /* leaflet */ = {
			isa = PBXGroup;
			children = (
				3F415E872C46630300773588 /* leaflet.entitlements */,
				3F415E7B2C465F2A00773588 /* GoogleService-Info.plist */,
				3F4FCA922C633E7A00D3D88B /* korea.gif */,
				3F0B27312C588A4D00D6C889 /* Fonts */,
				3F987F212C47BFF700E07F8C /* customView */,
				3FBCBCA42C466C5900320D73 /* function */,
				3F0B27302C5889DA00D6C889 /* viewController */,
				3F415E2C2C465EC300773588 /* AppDelegate.swift */,
				3F415E322C465EC300773588 /* Main.storyboard */,
				3F415E352C465EC500773588 /* Assets.xcassets */,
				3F415E3A2C465EC500773588 /* Info.plist */,
			);
			path = leaflet;
			sourceTree = "<group>";
		};
		3F987F212C47BFF700E07F8C /* customView */ = {
			isa = PBXGroup;
			children = (
				3F987F1D2C47BFF700E07F8C /* UIBaseView.swift */,
				3F987F1E2C47BFF700E07F8C /* UICustomSegmentedControl.swift */,
				3F987F1F2C47BFF700E07F8C /* UIGradientView.swift */,
				3F987F202C47BFF700E07F8C /* UISegmentedControlView.swift */,
			);
			path = customView;
			sourceTree = "<group>";
		};
		3FBCBCA42C466C5900320D73 /* function */ = {
			isa = PBXGroup;
			children = (
				3FBCBC962C466C5900320D73 /* s_animation.swift */,
				3FBCBC972C466C5900320D73 /* s_base.swift */,
				3FBCBC982C466C5900320D73 /* s_color.swift */,
				3FBCBC992C466C5900320D73 /* s_device.swift */,
				3FBCBC9A2C466C5900320D73 /* s_image.swift */,
				3FBCBC9B2C466C5900320D73 /* s_keyboard.swift */,
				3FBCBC9C2C466C5900320D73 /* s_mimetype.swift */,
				3FBCBC9D2C466C5900320D73 /* s_noticeAlert.swift */,
				3FBCBC9E2C466C5900320D73 /* s_push.swift */,
				3FBCBC9F2C466C5900320D73 /* s_regularExpression.swift */,
				3FBCBCA02C466C5900320D73 /* s_text.swift */,
				3FBCBCA12C466C5900320D73 /* s_time.swift */,
				3FBCBCA22C466C5900320D73 /* s_vcDelegate.swift */,
				3FBCBCA32C466C5900320D73 /* s_vcNavigate.swift */,
			);
			path = function;
			sourceTree = "<group>";
		};
		A3068BE6710341FC1C36BA78 /* Pods */ = {
			isa = PBXGroup;
			children = (
				A0DAE846682C64ECF44EB558 /* Pods-leaflet.debug.xcconfig */,
				D71ACC7E9BBECB50FBC369F5 /* Pods-leaflet.release.xcconfig */,
			);
			path = Pods;
			sourceTree = "<group>";
		};
		B6162CC85833ECEDAF1E4864 /* Frameworks */ = {
			isa = PBXGroup;
			children = (
				9E9D138ED23E308BD23134EC /* Pods_leaflet.framework */,
			);
			name = Frameworks;
			sourceTree = "<group>";
		};
/* End PBXGroup section */

/* Begin PBXNativeTarget section */
		3F415E282C465EC300773588 /* leaflet */ = {
			isa = PBXNativeTarget;
			buildConfigurationList = 3F415E532C465EC600773588 /* Build configuration list for PBXNativeTarget "leaflet" */;
			buildPhases = (
				C42141B647958AF246BDDFB5 /* [CP] Check Pods Manifest.lock */,
				3F415E252C465EC300773588 /* Sources */,
				3F415E262C465EC300773588 /* Frameworks */,
				3F415E272C465EC300773588 /* Resources */,
				70F4E633D30C48B24230FD75 /* [CP] Embed Pods Frameworks */,
			);
			buildRules = (
			);
			dependencies = (
			);
			name = leaflet;
			productName = leaflet;
			productReference = 3F415E292C465EC300773588 /* leaflet.app */;
			productType = "com.apple.product-type.application";
		};
/* End PBXNativeTarget section */

/* Begin PBXProject section */
		3F415E212C465EC300773588 /* Project object */ = {
			isa = PBXProject;
			attributes = {
				BuildIndependentTargetsInParallel = 1;
				LastSwiftUpdateCheck = 1540;
				LastUpgradeCheck = 1540;
				TargetAttributes = {
					3F415E282C465EC300773588 = {
						CreatedOnToolsVersion = 15.4;
					};
				};
			};
			buildConfigurationList = 3F415E242C465EC300773588 /* Build configuration list for PBXProject "leaflet" */;
			compatibilityVersion = "Xcode 15.0";
			developmentRegion = en;
			hasScannedForEncodings = 0;
			knownRegions = (
				en,
				Base,
			);
			mainGroup = 3F415E202C465EC300773588;
			productRefGroup = 3F415E2A2C465EC300773588 /* Products */;
			projectDirPath = "";
			projectRoot = "";
			targets = (
				3F415E282C465EC300773588 /* leaflet */,
			);
		};
/* End PBXProject section */

/* Begin PBXResourcesBuildPhase section */
		3F415E272C465EC300773588 /* Resources */ = {
			isa = PBXResourcesBuildPhase;
			buildActionMask = 2147483647;
			files = (
				3F34B9E72C58A1B5009B505F /* Main.storyboard in Resources */,
				3F32D60A2C588B3C00AC6775 /* GmarketSansLight.otf in Resources */,
				3F34B9E62C588C59009B505F /* GmarketSansBold.otf in Resources */,
				3F415E362C465EC500773588 /* Assets.xcassets in Resources */,
				3F32D6092C588B3800AC6775 /* GmarketSansMedium.otf in Resources */,
				3F415E342C465EC300773588 /* Base in Resources */,
				3F415E7C2C465F2B00773588 /* GoogleService-Info.plist in Resources */,
				3F4FCA932C633E7A00D3D88B /* korea.gif in Resources */,
			);
			runOnlyForDeploymentPostprocessing = 0;
		};
/* End PBXResourcesBuildPhase section */

/* Begin PBXShellScriptBuildPhase section */
		70F4E633D30C48B24230FD75 /* [CP] Embed Pods Frameworks */ = {
			isa = PBXShellScriptBuildPhase;
			buildActionMask = 2147483647;
			files = (
			);
			inputFileListPaths = (
				"${PODS_ROOT}/Target Support Files/Pods-leaflet/Pods-leaflet-frameworks-${CONFIGURATION}-input-files.xcfilelist",
			);
			name = "[CP] Embed Pods Frameworks";
			outputFileListPaths = (
				"${PODS_ROOT}/Target Support Files/Pods-leaflet/Pods-leaflet-frameworks-${CONFIGURATION}-output-files.xcfilelist",
			);
			runOnlyForDeploymentPostprocessing = 0;
			shellPath = /bin/sh;
			shellScript = "\"${PODS_ROOT}/Target Support Files/Pods-leaflet/Pods-leaflet-frameworks.sh\"\n";
			showEnvVarsInLog = 0;
		};
		C42141B647958AF246BDDFB5 /* [CP] Check Pods Manifest.lock */ = {
			isa = PBXShellScriptBuildPhase;
			buildActionMask = 2147483647;
			files = (
			);
			inputFileListPaths = (
			);
			inputPaths = (
				"${PODS_PODFILE_DIR_PATH}/Podfile.lock",
				"${PODS_ROOT}/Manifest.lock",
			);
			name = "[CP] Check Pods Manifest.lock";
			outputFileListPaths = (
			);
			outputPaths = (
				"$(DERIVED_FILE_DIR)/Pods-leaflet-checkManifestLockResult.txt",
			);
			runOnlyForDeploymentPostprocessing = 0;
			shellPath = /bin/sh;
			shellScript = "diff \"${PODS_PODFILE_DIR_PATH}/Podfile.lock\" \"${PODS_ROOT}/Manifest.lock\" > /dev/null\nif [ $? != 0 ] ; then\n    # print error to STDERR\n    echo \"error: The sandbox is not in sync with the Podfile.lock. Run 'pod install' or update your CocoaPods installation.\" >&2\n    exit 1\nfi\n# This output is used by Xcode 'outputs' to avoid re-running this script phase.\necho \"SUCCESS\" > \"${SCRIPT_OUTPUT_FILE_0}\"\n";
			showEnvVarsInLog = 0;
		};
/* End PBXShellScriptBuildPhase section */

/* Begin PBXSourcesBuildPhase section */
		3F415E252C465EC300773588 /* Sources */ = {
			isa = PBXSourcesBuildPhase;
			buildActionMask = 2147483647;
			files = (
				3FD264FB2C58C57000C2A5F3 /* CategoryVC.swift in Sources */,
				3F8498982C4F8F630055FE27 /* StoreUploadVC.swift in Sources */,
				3F415E842C465F3800773588 /* HomeVC.swift in Sources */,
				3F415E832C465F3800773588 /* SignInVC.swift in Sources */,
				3FBCBCA52C466C5900320D73 /* s_animation.swift in Sources */,
				3F415E862C465F3800773588 /* PostRequest.swift in Sources */,
				3FBCBCB02C466C5900320D73 /* s_time.swift in Sources */,
				3FBCBCAC2C466C5900320D73 /* s_noticeAlert.swift in Sources */,
				3FBCBCA62C466C5900320D73 /* s_base.swift in Sources */,
				3FBCBCB22C466C5900320D73 /* s_vcNavigate.swift in Sources */,
				3F415E852C465F3800773588 /* SplashVC.swift in Sources */,
				3FBCBCAA2C466C5900320D73 /* s_keyboard.swift in Sources */,
				3FBCBCAE2C466C5900320D73 /* s_regularExpression.swift in Sources */,
				3FBCBCAB2C466C5900320D73 /* s_mimetype.swift in Sources */,
				3FBCBCA72C466C5900320D73 /* s_color.swift in Sources */,
				3F4FCA8D2C6327A100D3D88B /* MainVC.swift in Sources */,
				3F987F252C47BFF700E07F8C /* UISegmentedControlView.swift in Sources */,
				3FBCBCA92C466C5900320D73 /* s_image.swift in Sources */,
				3F47837C2C57693000EB0611 /* TimeVC.swift in Sources */,
				3FC79E492C64A0D4000813A6 /* MarketListVC.swift in Sources */,
				3FC79E4B2C64B017000813A6 /* MainTBC.swift in Sources */,
				3FBCBCB12C466C5900320D73 /* s_vcDelegate.swift in Sources */,
				3F2F8B092C4E2D910066A5DF /* BasketVC.swift in Sources */,
				3F987F232C47BFF700E07F8C /* UICustomSegmentedControl.swift in Sources */,
				3FBCBCAF2C466C5900320D73 /* s_text.swift in Sources */,
				3F2F8B072C4E24EB0066A5DF /* StoreInfoVC.swift in Sources */,
				3FBCBCAD2C466C5900320D73 /* s_push.swift in Sources */,
				3F987F222C47BFF700E07F8C /* UIBaseView.swift in Sources */,
				3F415E822C465F3800773588 /* PostObject.swift in Sources */,
				3F415E2D2C465EC300773588 /* AppDelegate.swift in Sources */,
				3F65B6BA2C69C587007ED817 /* MypageVC.swift in Sources */,
				3F987F272C47C00B00E07F8C /* StoreDetailVC.swift in Sources */,
				3F8121C22C63577500EB5890 /* MapVC.swift in Sources */,
				3F987F242C47BFF700E07F8C /* UIGradientView.swift in Sources */,
				3FBCBCA82C466C5900320D73 /* s_device.swift in Sources */,
			);
			runOnlyForDeploymentPostprocessing = 0;
		};
/* End PBXSourcesBuildPhase section */

/* Begin PBXVariantGroup section */
		3F415E322C465EC300773588 /* Main.storyboard */ = {
			isa = PBXVariantGroup;
			children = (
				3F415E332C465EC300773588 /* Base */,
			);
			name = Main.storyboard;
			sourceTree = "<group>";
		};
/* End PBXVariantGroup section */

/* Begin XCBuildConfiguration section */
		3F415E512C465EC600773588 /* Debug */ = {
			isa = XCBuildConfiguration;
			buildSettings = {
				ALWAYS_SEARCH_USER_PATHS = NO;
				ASSETCATALOG_COMPILER_GENERATE_SWIFT_ASSET_SYMBOL_EXTENSIONS = YES;
				CLANG_ANALYZER_NONNULL = YES;
				CLANG_ANALYZER_NUMBER_OBJECT_CONVERSION = YES_AGGRESSIVE;
				CLANG_CXX_LANGUAGE_STANDARD = "gnu++20";
				CLANG_ENABLE_MODULES = YES;
				CLANG_ENABLE_OBJC_ARC = YES;
				CLANG_ENABLE_OBJC_WEAK = YES;
				CLANG_WARN_BLOCK_CAPTURE_AUTORELEASING = YES;
				CLANG_WARN_BOOL_CONVERSION = YES;
				CLANG_WARN_COMMA = YES;
				CLANG_WARN_CONSTANT_CONVERSION = YES;
				CLANG_WARN_DEPRECATED_OBJC_IMPLEMENTATIONS = YES;
				CLANG_WARN_DIRECT_OBJC_ISA_USAGE = YES_ERROR;
				CLANG_WARN_DOCUMENTATION_COMMENTS = YES;
				CLANG_WARN_EMPTY_BODY = YES;
				CLANG_WARN_ENUM_CONVERSION = YES;
				CLANG_WARN_INFINITE_RECURSION = YES;
				CLANG_WARN_INT_CONVERSION = YES;
				CLANG_WARN_NON_LITERAL_NULL_CONVERSION = YES;
				CLANG_WARN_OBJC_IMPLICIT_RETAIN_SELF = YES;
				CLANG_WARN_OBJC_LITERAL_CONVERSION = YES;
				CLANG_WARN_OBJC_ROOT_CLASS = YES_ERROR;
				CLANG_WARN_QUOTED_INCLUDE_IN_FRAMEWORK_HEADER = YES;
				CLANG_WARN_RANGE_LOOP_ANALYSIS = YES;
				CLANG_WARN_STRICT_PROTOTYPES = YES;
				CLANG_WARN_SUSPICIOUS_MOVE = YES;
				CLANG_WARN_UNGUARDED_AVAILABILITY = YES_AGGRESSIVE;
				CLANG_WARN_UNREACHABLE_CODE = YES;
				CLANG_WARN__DUPLICATE_METHOD_MATCH = YES;
				COPY_PHASE_STRIP = NO;
				DEBUG_INFORMATION_FORMAT = dwarf;
				ENABLE_STRICT_OBJC_MSGSEND = YES;
				ENABLE_TESTABILITY = YES;
				ENABLE_USER_SCRIPT_SANDBOXING = YES;
				GCC_C_LANGUAGE_STANDARD = gnu17;
				GCC_DYNAMIC_NO_PIC = NO;
				GCC_NO_COMMON_BLOCKS = YES;
				GCC_OPTIMIZATION_LEVEL = 0;
				GCC_PREPROCESSOR_DEFINITIONS = (
					"DEBUG=1",
					"$(inherited)",
				);
				GCC_WARN_64_TO_32_BIT_CONVERSION = YES;
				GCC_WARN_ABOUT_RETURN_TYPE = YES_ERROR;
				GCC_WARN_UNDECLARED_SELECTOR = YES;
				GCC_WARN_UNINITIALIZED_AUTOS = YES_AGGRESSIVE;
				GCC_WARN_UNUSED_FUNCTION = YES;
				GCC_WARN_UNUSED_VARIABLE = YES;
				IPHONEOS_DEPLOYMENT_TARGET = 12.0;
				LOCALIZATION_PREFERS_STRING_CATALOGS = YES;
				MTL_ENABLE_DEBUG_INFO = INCLUDE_SOURCE;
				MTL_FAST_MATH = YES;
				ONLY_ACTIVE_ARCH = YES;
				SDKROOT = iphoneos;
				SWIFT_ACTIVE_COMPILATION_CONDITIONS = "DEBUG $(inherited)";
				SWIFT_OPTIMIZATION_LEVEL = "-Onone";
			};
			name = Debug;
		};
		3F415E522C465EC600773588 /* Release */ = {
			isa = XCBuildConfiguration;
			buildSettings = {
				ALWAYS_SEARCH_USER_PATHS = NO;
				ASSETCATALOG_COMPILER_GENERATE_SWIFT_ASSET_SYMBOL_EXTENSIONS = YES;
				CLANG_ANALYZER_NONNULL = YES;
				CLANG_ANALYZER_NUMBER_OBJECT_CONVERSION = YES_AGGRESSIVE;
				CLANG_CXX_LANGUAGE_STANDARD = "gnu++20";
				CLANG_ENABLE_MODULES = YES;
				CLANG_ENABLE_OBJC_ARC = YES;
				CLANG_ENABLE_OBJC_WEAK = YES;
				CLANG_WARN_BLOCK_CAPTURE_AUTORELEASING = YES;
				CLANG_WARN_BOOL_CONVERSION = YES;
				CLANG_WARN_COMMA = YES;
				CLANG_WARN_CONSTANT_CONVERSION = YES;
				CLANG_WARN_DEPRECATED_OBJC_IMPLEMENTATIONS = YES;
				CLANG_WARN_DIRECT_OBJC_ISA_USAGE = YES_ERROR;
				CLANG_WARN_DOCUMENTATION_COMMENTS = YES;
				CLANG_WARN_EMPTY_BODY = YES;
				CLANG_WARN_ENUM_CONVERSION = YES;
				CLANG_WARN_INFINITE_RECURSION = YES;
				CLANG_WARN_INT_CONVERSION = YES;
				CLANG_WARN_NON_LITERAL_NULL_CONVERSION = YES;
				CLANG_WARN_OBJC_IMPLICIT_RETAIN_SELF = YES;
				CLANG_WARN_OBJC_LITERAL_CONVERSION = YES;
				CLANG_WARN_OBJC_ROOT_CLASS = YES_ERROR;
				CLANG_WARN_QUOTED_INCLUDE_IN_FRAMEWORK_HEADER = YES;
				CLANG_WARN_RANGE_LOOP_ANALYSIS = YES;
				CLANG_WARN_STRICT_PROTOTYPES = YES;
				CLANG_WARN_SUSPICIOUS_MOVE = YES;
				CLANG_WARN_UNGUARDED_AVAILABILITY = YES_AGGRESSIVE;
				CLANG_WARN_UNREACHABLE_CODE = YES;
				CLANG_WARN__DUPLICATE_METHOD_MATCH = YES;
				COPY_PHASE_STRIP = NO;
				DEBUG_INFORMATION_FORMAT = "dwarf-with-dsym";
				ENABLE_NS_ASSERTIONS = NO;
				ENABLE_STRICT_OBJC_MSGSEND = YES;
				ENABLE_USER_SCRIPT_SANDBOXING = YES;
				GCC_C_LANGUAGE_STANDARD = gnu17;
				GCC_NO_COMMON_BLOCKS = YES;
				GCC_WARN_64_TO_32_BIT_CONVERSION = YES;
				GCC_WARN_ABOUT_RETURN_TYPE = YES_ERROR;
				GCC_WARN_UNDECLARED_SELECTOR = YES;
				GCC_WARN_UNINITIALIZED_AUTOS = YES_AGGRESSIVE;
				GCC_WARN_UNUSED_FUNCTION = YES;
				GCC_WARN_UNUSED_VARIABLE = YES;
				IPHONEOS_DEPLOYMENT_TARGET = 12.0;
				LOCALIZATION_PREFERS_STRING_CATALOGS = YES;
				MTL_ENABLE_DEBUG_INFO = NO;
				MTL_FAST_MATH = YES;
				SDKROOT = iphoneos;
				SWIFT_COMPILATION_MODE = wholemodule;
				VALIDATE_PRODUCT = YES;
			};
			name = Release;
		};
		3F415E542C465EC600773588 /* Debug */ = {
			isa = XCBuildConfiguration;
			baseConfigurationReference = A0DAE846682C64ECF44EB558 /* Pods-leaflet.debug.xcconfig */;
			buildSettings = {
				ASSETCATALOG_COMPILER_APPICON_NAME = AppIcon;
				ASSETCATALOG_COMPILER_GLOBAL_ACCENT_COLOR_NAME = AccentColor;
				CODE_SIGN_ENTITLEMENTS = leaflet/leaflet.entitlements;
				CODE_SIGN_STYLE = Automatic;
				CURRENT_PROJECT_VERSION = 1;
				DEVELOPMENT_TEAM = KBW62JWGK2;
				ENABLE_USER_SCRIPT_SANDBOXING = NO;
				GENERATE_INFOPLIST_FILE = YES;
				INFOPLIST_FILE = leaflet/Info.plist;
				INFOPLIST_KEY_LSApplicationCategoryType = "public.app-category.lifestyle";
				INFOPLIST_KEY_NSCameraUsageDescription = "사진을 찍으려면, 카메라 권한을 허용해 주세요.";
				INFOPLIST_KEY_NSPhotoLibraryAddUsageDescription = "첨부(프로필, 매장대표사진, 썸네일 등) 해야하는 이미지를 가져오려면, 사진 접근 권한을 허용해 주세요.";
				INFOPLIST_KEY_NSPhotoLibraryUsageDescription = "첨부(프로필, 매장대표사진, 썸네일 등) 해야하는 이미지를 가져오려면, 사진 접근 권한을 허용해 주세요.";
				INFOPLIST_KEY_UIApplicationSupportsIndirectInputEvents = YES;
				INFOPLIST_KEY_UILaunchStoryboardName = Main.storyboard;
				INFOPLIST_KEY_UIMainStoryboardFile = Main;
				INFOPLIST_KEY_UISupportedInterfaceOrientations = UIInterfaceOrientationPortrait;
				IPHONEOS_DEPLOYMENT_TARGET = 12.0;
				LD_RUNPATH_SEARCH_PATHS = (
					"$(inherited)",
					"@executable_path/Frameworks",
				);
				MARKETING_VERSION = 1.0;
				PRODUCT_BUNDLE_IDENTIFIER = com.blink.leaflet;
				PRODUCT_NAME = "$(TARGET_NAME)";
				SUPPORTED_PLATFORMS = "iphoneos iphonesimulator";
				SUPPORTS_MACCATALYST = NO;
				SUPPORTS_XR_DESIGNED_FOR_IPHONE_IPAD = NO;
				SWIFT_EMIT_LOC_STRINGS = YES;
				SWIFT_VERSION = 5.0;
				TARGETED_DEVICE_FAMILY = 1;
			};
			name = Debug;
		};
		3F415E552C465EC600773588 /* Release */ = {
			isa = XCBuildConfiguration;
			baseConfigurationReference = D71ACC7E9BBECB50FBC369F5 /* Pods-leaflet.release.xcconfig */;
			buildSettings = {
				ASSETCATALOG_COMPILER_APPICON_NAME = AppIcon;
				ASSETCATALOG_COMPILER_GLOBAL_ACCENT_COLOR_NAME = AccentColor;
				CODE_SIGN_ENTITLEMENTS = leaflet/leaflet.entitlements;
				CODE_SIGN_STYLE = Automatic;
				CURRENT_PROJECT_VERSION = 1;
				DEVELOPMENT_TEAM = KBW62JWGK2;
				ENABLE_USER_SCRIPT_SANDBOXING = NO;
				GENERATE_INFOPLIST_FILE = YES;
				INFOPLIST_FILE = leaflet/Info.plist;
				INFOPLIST_KEY_LSApplicationCategoryType = "public.app-category.lifestyle";
				INFOPLIST_KEY_NSCameraUsageDescription = "사진을 찍으려면, 카메라 권한을 허용해 주세요.";
				INFOPLIST_KEY_NSPhotoLibraryAddUsageDescription = "첨부(프로필, 매장대표사진, 썸네일 등) 해야하는 이미지를 가져오려면, 사진 접근 권한을 허용해 주세요.";
				INFOPLIST_KEY_NSPhotoLibraryUsageDescription = "첨부(프로필, 매장대표사진, 썸네일 등) 해야하는 이미지를 가져오려면, 사진 접근 권한을 허용해 주세요.";
				INFOPLIST_KEY_UIApplicationSupportsIndirectInputEvents = YES;
				INFOPLIST_KEY_UILaunchStoryboardName = Main.storyboard;
				INFOPLIST_KEY_UIMainStoryboardFile = Main;
				INFOPLIST_KEY_UISupportedInterfaceOrientations = UIInterfaceOrientationPortrait;
				IPHONEOS_DEPLOYMENT_TARGET = 12.0;
				LD_RUNPATH_SEARCH_PATHS = (
					"$(inherited)",
					"@executable_path/Frameworks",
				);
				MARKETING_VERSION = 1.0;
				PRODUCT_BUNDLE_IDENTIFIER = com.blink.leaflet;
				PRODUCT_NAME = "$(TARGET_NAME)";
				SUPPORTED_PLATFORMS = "iphoneos iphonesimulator";
				SUPPORTS_MACCATALYST = NO;
				SUPPORTS_XR_DESIGNED_FOR_IPHONE_IPAD = NO;
				SWIFT_EMIT_LOC_STRINGS = YES;
				SWIFT_VERSION = 5.0;
				TARGETED_DEVICE_FAMILY = 1;
			};
			name = Release;
		};
/* End XCBuildConfiguration section */

/* Begin XCConfigurationList section */
		3F415E242C465EC300773588 /* Build configuration list for PBXProject "leaflet" */ = {
			isa = XCConfigurationList;
			buildConfigurations = (
				3F415E512C465EC600773588 /* Debug */,
				3F415E522C465EC600773588 /* Release */,
			);
			defaultConfigurationIsVisible = 0;
			defaultConfigurationName = Release;
		};
		3F415E532C465EC600773588 /* Build configuration list for PBXNativeTarget "leaflet" */ = {
			isa = XCConfigurationList;
			buildConfigurations = (
				3F415E542C465EC600773588 /* Debug */,
				3F415E552C465EC600773588 /* Release */,
			);
			defaultConfigurationIsVisible = 0;
			defaultConfigurationName = Release;
		};
/* End XCConfigurationList section */
	};
	rootObject = 3F415E212C465EC300773588 /* Project object */;
}
